{
  "name": "mdx-parser-prosemirror",
  "version": "1.0.0",
  "lockfileVersion": 1,
  "requires": true,
  "dependencies": {
    "acorn-loose": {
      "version": "8.0.0",
      "resolved": "https://registry.npmjs.org/acorn-loose/-/acorn-loose-8.0.0.tgz",
      "integrity": "sha512-YtQI8QdA6Tl8It5p0eRQCunnMM6ze3VnAAGcAxkzMpCNgI/crsSKp3QCdW5e5Soh4gyJ1Y2NQVk5WlP38KKWXQ==",
      "requires": {
        "acorn": "^8.0.0"
      },
      "dependencies": {
        "acorn": {
          "version": "8.0.1",
          "resolved": "https://registry.npmjs.org/acorn/-/acorn-8.0.1.tgz",
          "integrity": "sha512-dmKn4pqZ29iQl2Pvze1zTrps2luvls2PBY//neO2WJ0s10B3AxJXshN+Ph7B4GrhfGhHXrl4dnUwyNNXQcnWGQ=="
        }
      }
    }
  }
}
